
Microsoft Visual Studio Solution File, Format Version 12.00
# Visual Studio Version 17
VisualStudioVersion = 17.13.35825.156 d17.13
MinimumVisualStudioVersion = 10.0.40219.1
Project("{FAE04EC0-301F-11D3-BF4B-00C04F79EFBC}") = "Soundboard Recorder", "Soundboard Recorder\Soundboard Recorder.csproj", "{6C860B64-EED5-4358-9B31-F55C47092690}"
EndProject
Global
	GlobalSection(SolutionConfigurationPlatforms) = preSolution
		Debug|Any CPU = Debug|Any CPU
		Release|Any CPU = Release|Any CPU
	EndGlobalSection
	GlobalSection(ProjectConfigurationPlatforms) = postSolution
		{6C860B64-EED5-4358-9B31-F55C47092690}.Debug|Any CPU.ActiveCfg = Debug|Any CPU
		{6C860B64-EED5-4358-9B31-F55C47092690}.Debug|Any CPU.Build.0 = Debug|Any CPU
		{6C860B64-EED5-4358-9B31-F55C47092690}.Release|Any CPU.ActiveCfg = Release|Any CPU
		{6C860B64-EED5-4358-9B31-F55C47092690}.Release|Any CPU.Build.0 = Release|Any CPU
	EndGlobalSection
	GlobalSection(SolutionProperties) = preSolution
		HideSolutionNode = FALSE
	EndGlobalSection
	GlobalSection(ExtensibilityGlobals) = postSolution
		SolutionGuid = {B6B2896B-C40E-4410-8BC8-A1F3E304F9A2}
	EndGlobalSection
EndGlobal
